
Microsoft Visual Studio Solution File, Format Version 12.00
# Visual Studio Version 17
VisualStudioVersion = 17.13.35919.96 d17.13
MinimumVisualStudioVersion = 10.0.40219.1
Project("{FAE04EC0-301F-11D3-BF4B-00C04F79EFBC}") = "CleanupMyGT", "CleanupMyGT.csproj", "{7E263985-E6EC-4F2B-99AF-F6CF15A14931}"
EndProject
Global
	GlobalSection(SolutionConfigurationPlatforms) = preSolution
		Debug|Any CPU = Debug|Any CPU
		Release|Any CPU = Release|Any CPU
	EndGlobalSection
	GlobalSection(ProjectConfigurationPlatforms) = postSolution
		{7E263985-E6EC-4F2B-99AF-F6CF15A14931}.Debug|Any CPU.ActiveCfg = Debug|Any CPU
		{7E263985-E6EC-4F2B-99AF-F6CF15A14931}.Debug|Any CPU.Build.0 = Debug|Any CPU
		{7E263985-E6EC-4F2B-99AF-F6CF15A14931}.Release|Any CPU.ActiveCfg = Release|Any CPU
		{7E263985-E6EC-4F2B-99AF-F6CF15A14931}.Release|Any CPU.Build.0 = Release|Any CPU
	EndGlobalSection
	GlobalSection(SolutionProperties) = preSolution
		HideSolutionNode = FALSE
	EndGlobalSection
	GlobalSection(ExtensibilityGlobals) = postSolution
		SolutionGuid = {C6FE13EF-677D-4D4D-9507-DD4A10049E83}
	EndGlobalSection
EndGlobal
